// !$*UTF8*$!
{
	archiveVersion = 1;
	classes = {
	};
	objectVersion = 56;
	objects = {

/* Begin PBXBuildFile section */
		36B202FC2B2C5CB1000C0C4A /* AppDelegate.swift in Sources */ = {isa = PBXBuildFile; fileRef = 36B202FB2B2C5CB1000C0C4A /* AppDelegate.swift */; };
		36B202FE2B2C5CB1000C0C4A /* SceneDelegate.swift in Sources */ = {isa = PBXBuildFile; fileRef = 36B202FD2B2C5CB1000C0C4A /* SceneDelegate.swift */; };
		36B203052B2C5CB2000C0C4A /* Assets.xcassets in Resources */ = {isa = PBXBuildFile; fileRef = 36B203042B2C5CB2000C0C4A /* Assets.xcassets */; };
		36B203082B2C5CB2000C0C4A /* LaunchScreen.storyboard in Resources */ = {isa = PBXBuildFile; fileRef = 36B203062B2C5CB2000C0C4A /* LaunchScreen.storyboard */; };
		36B203132B2C5CB3000C0C4A /* ElectroBillTests.swift in Sources */ = {isa = PBXBuildFile; fileRef = 36B203122B2C5CB3000C0C4A /* ElectroBillTests.swift */; };
		36B2031D2B2C5CB3000C0C4A /* ElectroBillUITests.swift in Sources */ = {isa = PBXBuildFile; fileRef = 36B2031C2B2C5CB3000C0C4A /* ElectroBillUITests.swift */; };
		36B2031F2B2C5CB3000C0C4A /* ElectroBillUITestsLaunchTests.swift in Sources */ = {isa = PBXBuildFile; fileRef = 36B2031E2B2C5CB3000C0C4A /* ElectroBillUITestsLaunchTests.swift */; };
		36B203302B2C5D2D000C0C4A /* Calculations.swift in Sources */ = {isa = PBXBuildFile; fileRef = 36B2032E2B2C5D2D000C0C4A /* Calculations.swift */; };
		36B203312B2C5D2D000C0C4A /* TableViewPopulation.swift in Sources */ = {isa = PBXBuildFile; fileRef = 36B2032F2B2C5D2D000C0C4A /* TableViewPopulation.swift */; };
		36B203332B2C5D69000C0C4A /* Main.storyboard in Resources */ = {isa = PBXBuildFile; fileRef = 36B203322B2C5D69000C0C4A /* Main.storyboard */; };
		36B203372B2C5DA4000C0C4A /* ResultViewControler.swift in Sources */ = {isa = PBXBuildFile; fileRef = 36B203342B2C5DA4000C0C4A /* ResultViewControler.swift */; };
		36B203382B2C5DA4000C0C4A /* ViewController.swift in Sources */ = {isa = PBXBuildFile; fileRef = 36B203352B2C5DA4000C0C4A /* ViewController.swift */; };
		36B2033B2B2C5E37000C0C4A /* CustomViewCell.swift in Sources */ = {isa = PBXBuildFile; fileRef = 36B2033A2B2C5E37000C0C4A /* CustomViewCell.swift */; };
		36B2033D2B2C7B59000C0C4A /* TableViewController.swift in Sources */ = {isa = PBXBuildFile; fileRef = 36B2033C2B2C7B59000C0C4A /* TableViewController.swift */; };
		87FFE1B22B44ADA1AF22B66A /* Pods_ElectroBill.framework in Frameworks */ = {isa = PBXBuildFile; fileRef = F36A4B018D64C5EF4A3745EA /* Pods_ElectroBill.framework */; settings = {ATTRIBUTES = (Required, ); }; };
/* End PBXBuildFile section */

/* Begin PBXContainerItemProxy section */
		36B2030F2B2C5CB3000C0C4A /* PBXContainerItemProxy */ = {
			isa = PBXContainerItemProxy;
			containerPortal = 36B202F02B2C5CB1000C0C4A /* Project object */;
			proxyType = 1;
			remoteGlobalIDString = 36B202F72B2C5CB1000C0C4A;
			remoteInfo = ElectroBill;
		};
		36B203192B2C5CB3000C0C4A /* PBXContainerItemProxy */ = {
			isa = PBXContainerItemProxy;
			containerPortal = 36B202F02B2C5CB1000C0C4A /* Project object */;
			proxyType = 1;
			remoteGlobalIDString = 36B202F72B2C5CB1000C0C4A;
			remoteInfo = ElectroBill;
		};
/* End PBXContainerItemProxy section */

/* Begin PBXFileReference section */
		36B202F82B2C5CB1000C0C4A /* ElectroBill.app */ = {isa = PBXFileReference; explicitFileType = wrapper.application; includeInIndex = 0; path = ElectroBill.app; sourceTree = BUILT_PRODUCTS_DIR; };
		36B202FB2B2C5CB1000C0C4A /* AppDelegate.swift */ = {isa = PBXFileReference; lastKnownFileType = sourcecode.swift; path = AppDelegate.swift; sourceTree = "<group>"; };
		36B202FD2B2C5CB1000C0C4A /* SceneDelegate.swift */ = {isa = PBXFileReference; lastKnownFileType = sourcecode.swift; path = SceneDelegate.swift; sourceTree = "<group>"; };
		36B203042B2C5CB2000C0C4A /* Assets.xcassets */ = {isa = PBXFileReference; lastKnownFileType = folder.assetcatalog; path = Assets.xcassets; sourceTree = "<group>"; };
		36B203072B2C5CB2000C0C4A /* Base */ = {isa = PBXFileReference; lastKnownFileType = file.storyboard; name = Base; path = Base.lproj/LaunchScreen.storyboard; sourceTree = "<group>"; };
		36B203092B2C5CB2000C0C4A /* Info.plist */ = {isa = PBXFileReference; lastKnownFileType = text.plist.xml; path = Info.plist; sourceTree = "<group>"; };
		36B2030E2B2C5CB3000C0C4A /* ElectroBillTests.xctest */ = {isa = PBXFileReference; explicitFileType = wrapper.cfbundle; includeInIndex = 0; path = ElectroBillTests.xctest; sourceTree = BUILT_PRODUCTS_DIR; };
		36B203122B2C5CB3000C0C4A /* ElectroBillTests.swift */ = {isa = PBXFileReference; lastKnownFileType = sourcecode.swift; path = ElectroBillTests.swift; sourceTree = "<group>"; };
		36B203182B2C5CB3000C0C4A /* ElectroBillUITests.xctest */ = {isa = PBXFileReference; explicitFileType = wrapper.cfbundle; includeInIndex = 0; path = ElectroBillUITests.xctest; sourceTree = BUILT_PRODUCTS_DIR; };
		36B2031C2B2C5CB3000C0C4A /* ElectroBillUITests.swift */ = {isa = PBXFileReference; lastKnownFileType = sourcecode.swift; path = ElectroBillUITests.swift; sourceTree = "<group>"; };
		36B2031E2B2C5CB3000C0C4A /* ElectroBillUITestsLaunchTests.swift */ = {isa = PBXFileReference; lastKnownFileType = sourcecode.swift; path = ElectroBillUITestsLaunchTests.swift; sourceTree = "<group>"; };
		36B2032E2B2C5D2D000C0C4A /* Calculations.swift */ = {isa = PBXFileReference; fileEncoding = 4; lastKnownFileType = sourcecode.swift; path = Calculations.swift; sourceTree = "<group>"; };
		36B2032F2B2C5D2D000C0C4A /* TableViewPopulation.swift */ = {isa = PBXFileReference; fileEncoding = 4; lastKnownFileType = sourcecode.swift; path = TableViewPopulation.swift; sourceTree = "<group>"; };
		36B203322B2C5D69000C0C4A /* Main.storyboard */ = {isa = PBXFileReference; fileEncoding = 4; lastKnownFileType = file.storyboard; path = Main.storyboard; sourceTree = "<group>"; };
		36B203342B2C5DA4000C0C4A /* ResultViewControler.swift */ = {isa = PBXFileReference; fileEncoding = 4; lastKnownFileType = sourcecode.swift; path = ResultViewControler.swift; sourceTree = "<group>"; };
		36B203352B2C5DA4000C0C4A /* ViewController.swift */ = {isa = PBXFileReference; fileEncoding = 4; lastKnownFileType = sourcecode.swift; path = ViewController.swift; sourceTree = "<group>"; };
		36B2033A2B2C5E37000C0C4A /* CustomViewCell.swift */ = {isa = PBXFileReference; fileEncoding = 4; lastKnownFileType = sourcecode.swift; path = CustomViewCell.swift; sourceTree = "<group>"; };
		36B2033C2B2C7B59000C0C4A /* TableViewController.swift */ = {isa = PBXFileReference; lastKnownFileType = sourcecode.swift; path = TableViewController.swift; sourceTree = "<group>"; };
		A7E9C131570BEE279DF0B8CA /* Pods-ElectroBill.debug.xcconfig */ = {isa = PBXFileReference; includeInIndex = 1; lastKnownFileType = text.xcconfig; name = "Pods-ElectroBill.debug.xcconfig"; path = "Target Support Files/Pods-ElectroBill/Pods-ElectroBill.debug.xcconfig"; sourceTree = "<group>"; };
		DB5171DD865E55301F076324 /* Pods-ElectroBill.release.xcconfig */ = {isa = PBXFileReference; includeInIndex = 1; lastKnownFileType = text.xcconfig; name = "Pods-ElectroBill.release.xcconfig"; path = "Target Support Files/Pods-ElectroBill/Pods-ElectroBill.release.xcconfig"; sourceTree = "<group>"; };
		F36A4B018D64C5EF4A3745EA /* Pods_ElectroBill.framework */ = {isa = PBXFileReference; explicitFileType = wrapper.framework; includeInIndex = 0; path = Pods_ElectroBill.framework; sourceTree = BUILT_PRODUCTS_DIR; };
/* End PBXFileReference section */

/* Begin PBXFrameworksBuildPhase section */
		36B202F52B2C5CB1000C0C4A /* Frameworks */ = {
			isa = PBXFrameworksBuildPhase;
			buildActionMask = 2147483647;
			files = (
				87FFE1B22B44ADA1AF22B66A /* Pods_ElectroBill.framework in Frameworks */,
			);
			runOnlyForDeploymentPostprocessing = 0;
		};
		36B2030B2B2C5CB3000C0C4A /* Frameworks */ = {
			isa = PBXFrameworksBuildPhase;
			buildActionMask = 2147483647;
			files = (
			);
			runOnlyForDeploymentPostprocessing = 0;
		};
		36B203152B2C5CB3000C0C4A /* Frameworks */ = {
			isa = PBXFrameworksBuildPhase;
			buildActionMask = 2147483647;
			files = (
			);
			runOnlyForDeploymentPostprocessing = 0;
		};
/* End PBXFrameworksBuildPhase section */

/* Begin PBXGroup section */
		36B202EF2B2C5CB1000C0C4A = {
			isa = PBXGroup;
			children = (
				36B202FA2B2C5CB1000C0C4A /* ElectroBill */,
				36B203112B2C5CB3000C0C4A /* ElectroBillTests */,
				36B2031B2B2C5CB3000C0C4A /* ElectroBillUITests */,
				36B202F92B2C5CB1000C0C4A /* Products */,
				BE3F84371E16A820B5FA73FE /* Pods */,
				600C5167673BD834E37D684F /* Frameworks */,
			);
			sourceTree = "<group>";
		};
		36B202F92B2C5CB1000C0C4A /* Products */ = {
			isa = PBXGroup;
			children = (
				36B202F82B2C5CB1000C0C4A /* ElectroBill.app */,
				36B2030E2B2C5CB3000C0C4A /* ElectroBillTests.xctest */,
				36B203182B2C5CB3000C0C4A /* ElectroBillUITests.xctest */,
			);
			name = Products;
			sourceTree = "<group>";
		};
		36B202FA2B2C5CB1000C0C4A /* ElectroBill */ = {
			isa = PBXGroup;
			children = (
				36B202FB2B2C5CB1000C0C4A /* AppDelegate.swift */,
				36B202FD2B2C5CB1000C0C4A /* SceneDelegate.swift */,
				36B2032D2B2C5D11000C0C4A /* Model */,
				36B2032B2B2C5CFD000C0C4A /* Controller */,
				36B2032C2B2C5D09000C0C4A /* View */,
				36B203042B2C5CB2000C0C4A /* Assets.xcassets */,
				36B203062B2C5CB2000C0C4A /* LaunchScreen.storyboard */,
				36B203092B2C5CB2000C0C4A /* Info.plist */,
			);
			path = ElectroBill;
			sourceTree = "<group>";
		};
		36B203112B2C5CB3000C0C4A /* ElectroBillTests */ = {
			isa = PBXGroup;
			children = (
				36B203122B2C5CB3000C0C4A /* ElectroBillTests.swift */,
			);
			path = ElectroBillTests;
			sourceTree = "<group>";
		};
		36B2031B2B2C5CB3000C0C4A /* ElectroBillUITests */ = {
			isa = PBXGroup;
			children = (
				36B2031C2B2C5CB3000C0C4A /* ElectroBillUITests.swift */,
				36B2031E2B2C5CB3000C0C4A /* ElectroBillUITestsLaunchTests.swift */,
			);
			path = ElectroBillUITests;
			sourceTree = "<group>";
		};
		36B2032B2B2C5CFD000C0C4A /* Controller */ = {
			isa = PBXGroup;
			children = (
				36B203352B2C5DA4000C0C4A /* ViewController.swift */,
				36B203342B2C5DA4000C0C4A /* ResultViewControler.swift */,
				36B2033C2B2C7B59000C0C4A /* TableViewController.swift */,
			);
			path = Controller;
			sourceTree = "<group>";
		};
		36B2032C2B2C5D09000C0C4A /* View */ = {
			isa = PBXGroup;
			children = (
				36B203322B2C5D69000C0C4A /* Main.storyboard */,
				36B2033A2B2C5E37000C0C4A /* CustomViewCell.swift */,
			);
			path = View;
			sourceTree = "<group>";
		};
		36B2032D2B2C5D11000C0C4A /* Model */ = {
			isa = PBXGroup;
			children = (
				36B2032E2B2C5D2D000C0C4A /* Calculations.swift */,
				36B2032F2B2C5D2D000C0C4A /* TableViewPopulation.swift */,
			);
			path = Model;
			sourceTree = "<group>";
		};
		600C5167673BD834E37D684F /* Frameworks */ = {
			isa = PBXGroup;
			children = (
				F36A4B018D64C5EF4A3745EA /* Pods_ElectroBill.framework */,
			);
			name = Frameworks;
			sourceTree = "<group>";
		};
		BE3F84371E16A820B5FA73FE /* Pods */ = {
			isa = PBXGroup;
			children = (
				A7E9C131570BEE279DF0B8CA /* Pods-ElectroBill.debug.xcconfig */,
				DB5171DD865E55301F076324 /* Pods-ElectroBill.release.xcconfig */,
			);
			path = Pods;
			sourceTree = "<group>";
		};
/* End PBXGroup section */

/* Begin PBXNativeTarget section */
		36B202F72B2C5CB1000C0C4A /* ElectroBill */ = {
			isa = PBXNativeTarget;
			buildConfigurationList = 36B203222B2C5CB3000C0C4A /* Build configuration list for PBXNativeTarget "ElectroBill" */;
			buildPhases = (
				CB96644665372A76B04CC6D0 /* [CP] Check Pods Manifest.lock */,
				36B202F42B2C5CB1000C0C4A /* Sources */,
				36B202F52B2C5CB1000C0C4A /* Frameworks */,
				36B202F62B2C5CB1000C0C4A /* Resources */,
				A2AFB139CF955C1F2644006A /* [CP] Embed Pods Frameworks */,
			);
			buildRules = (
			);
			dependencies = (
			);
			name = ElectroBill;
			productName = ElectroBill;
			productReference = 36B202F82B2C5CB1000C0C4A /* ElectroBill.app */;
			productType = "com.apple.product-type.application";
		};
		36B2030D2B2C5CB3000C0C4A /* ElectroBillTests */ = {
			isa = PBXNativeTarget;
			buildConfigurationList = 36B203252B2C5CB3000C0C4A /* Build configuration list for PBXNativeTarget "ElectroBillTests" */;
			buildPhases = (
				36B2030A2B2C5CB3000C0C4A /* Sources */,
				36B2030B2B2C5CB3000C0C4A /* Frameworks */,
				36B2030C2B2C5CB3000C0C4A /* Resources */,
			);
			buildRules = (
			);
			dependencies = (
				36B203102B2C5CB3000C0C4A /* PBXTargetDependency */,
			);
			name = ElectroBillTests;
			productName = ElectroBillTests;
			productReference = 36B2030E2B2C5CB3000C0C4A /* ElectroBillTests.xctest */;
			productType = "com.apple.product-type.bundle.unit-test";
		};
		36B203172B2C5CB3000C0C4A /* ElectroBillUITests */ = {
			isa = PBXNativeTarget;
			buildConfigurationList = 36B203282B2C5CB3000C0C4A /* Build configuration list for PBXNativeTarget "ElectroBillUITests" */;
			buildPhases = (
				36B203142B2C5CB3000C0C4A /* Sources */,
				36B203152B2C5CB3000C0C4A /* Frameworks */,
				36B203162B2C5CB3000C0C4A /* Resources */,
			);
			buildRules = (
			);
			dependencies = (
				36B2031A2B2C5CB3000C0C4A /* PBXTargetDependency */,
			);
			name = ElectroBillUITests;
			productName = ElectroBillUITests;
			productReference = 36B203182B2C5CB3000C0C4A /* ElectroBillUITests.xctest */;
			productType = "com.apple.product-type.bundle.ui-testing";
		};
/* End PBXNativeTarget section */

/* Begin PBXProject section */
		36B202F02B2C5CB1000C0C4A /* Project object */ = {
			isa = PBXProject;
			attributes = {
				BuildIndependentTargetsInParallel = 1;
				LastSwiftUpdateCheck = 1510;
				LastUpgradeCheck = 1510;
				TargetAttributes = {
					36B202F72B2C5CB1000C0C4A = {
						CreatedOnToolsVersion = 15.1;
					};
					36B2030D2B2C5CB3000C0C4A = {
						CreatedOnToolsVersion = 15.1;
						TestTargetID = 36B202F72B2C5CB1000C0C4A;
					};
					36B203172B2C5CB3000C0C4A = {
						CreatedOnToolsVersion = 15.1;
						TestTargetID = 36B202F72B2C5CB1000C0C4A;
					};
				};
			};
			buildConfigurationList = 36B202F32B2C5CB1000C0C4A /* Build configuration list for PBXProject "ElectroBill" */;
			compatibilityVersion = "Xcode 14.0";
			developmentRegion = en;
			hasScannedForEncodings = 0;
			knownRegions = (
				en,
				Base,
			);
			mainGroup = 36B202EF2B2C5CB1000C0C4A;
			productRefGroup = 36B202F92B2C5CB1000C0C4A /* Products */;
			projectDirPath = "";
			projectRoot = "";
			targets = (
				36B202F72B2C5CB1000C0C4A /* ElectroBill */,
				36B2030D2B2C5CB3000C0C4A /* ElectroBillTests */,
				36B203172B2C5CB3000C0C4A /* ElectroBillUITests */,
			);
		};
/* End PBXProject section */

/* Begin PBXResourcesBuildPhase section */
		36B202F62B2C5CB1000C0C4A /* Resources */ = {
			isa = PBXResourcesBuildPhase;
			buildActionMask = 2147483647;
			files = (
				36B203332B2C5D69000C0C4A /* Main.storyboard in Resources */,
				36B203082B2C5CB2000C0C4A /* LaunchScreen.storyboard in Resources */,
				36B203052B2C5CB2000C0C4A /* Assets.xcassets in Resources */,
			);
			runOnlyForDeploymentPostprocessing = 0;
		};
		36B2030C2B2C5CB3000C0C4A /* Resources */ = {
			isa = PBXResourcesBuildPhase;
			buildActionMask = 2147483647;
			files = (
			);
			runOnlyForDeploymentPostprocessing = 0;
		};
		36B203162B2C5CB3000C0C4A /* Resources */ = {
			isa = PBXResourcesBuildPhase;
			buildActionMask = 2147483647;
			files = (
			);
			runOnlyForDeploymentPostprocessing = 0;
		};
/* End PBXResourcesBuildPhase section */

/* Begin PBXShellScriptBuildPhase section */
		A2AFB139CF955C1F2644006A /* [CP] Embed Pods Frameworks */ = {
			isa = PBXShellScriptBuildPhase;
			buildActionMask = 2147483647;
			files = (
			);
			inputFileListPaths = (
				"${PODS_ROOT}/Target Support Files/Pods-ElectroBill/Pods-ElectroBill-frameworks-${CONFIGURATION}-input-files.xcfilelist",
			);
			name = "[CP] Embed Pods Frameworks";
			outputFileListPaths = (
				"${PODS_ROOT}/Target Support Files/Pods-ElectroBill/Pods-ElectroBill-frameworks-${CONFIGURATION}-output-files.xcfilelist",
			);
			runOnlyForDeploymentPostprocessing = 0;
			shellPath = /bin/sh;
			shellScript = "\"${PODS_ROOT}/Target Support Files/Pods-ElectroBill/Pods-ElectroBill-frameworks.sh\"\n";
			showEnvVarsInLog = 0;
		};
		CB96644665372A76B04CC6D0 /* [CP] Check Pods Manifest.lock */ = {
			isa = PBXShellScriptBuildPhase;
			buildActionMask = 2147483647;
			files = (
			);
			inputFileListPaths = (
			);
			inputPaths = (
				"${PODS_PODFILE_DIR_PATH}/Podfile.lock",
				"${PODS_ROOT}/Manifest.lock",
			);
			name = "[CP] Check Pods Manifest.lock";
			outputFileListPaths = (
			);
			outputPaths = (
				"$(DERIVED_FILE_DIR)/Pods-ElectroBill-checkManifestLockResult.txt",
			);
			runOnlyForDeploymentPostprocessing = 0;
			shellPath = /bin/sh;
			shellScript = "diff \"${PODS_PODFILE_DIR_PATH}/Podfile.lock\" \"${PODS_ROOT}/Manifest.lock\" > /dev/null\nif [ $? != 0 ] ; then\n    # print error to STDERR\n    echo \"error: The sandbox is not in sync with the Podfile.lock. Run 'pod install' or update your CocoaPods installation.\" >&2\n    exit 1\nfi\n# This output is used by Xcode 'outputs' to avoid re-running this script phase.\necho \"SUCCESS\" > \"${SCRIPT_OUTPUT_FILE_0}\"\n";
			showEnvVarsInLog = 0;
		};
/* End PBXShellScriptBuildPhase section */

/* Begin PBXSourcesBuildPhase section */
		36B202F42B2C5CB1000C0C4A /* Sources */ = {
			isa = PBXSourcesBuildPhase;
			buildActionMask = 2147483647;
			files = (
				36B203382B2C5DA4000C0C4A /* ViewController.swift in Sources */,
				36B202FC2B2C5CB1000C0C4A /* AppDelegate.swift in Sources */,
				36B203312B2C5D2D000C0C4A /* TableViewPopulation.swift in Sources */,
				36B2033D2B2C7B59000C0C4A /* TableViewController.swift in Sources */,
				36B202FE2B2C5CB1000C0C4A /* SceneDelegate.swift in Sources */,
				36B2033B2B2C5E37000C0C4A /* CustomViewCell.swift in Sources */,
				36B203372B2C5DA4000C0C4A /* ResultViewControler.swift in Sources */,
				36B203302B2C5D2D000C0C4A /* Calculations.swift in Sources */,
			);
			runOnlyForDeploymentPostprocessing = 0;
		};
		36B2030A2B2C5CB3000C0C4A /* Sources */ = {
			isa = PBXSourcesBuildPhase;
			buildActionMask = 2147483647;
			files = (
				36B203132B2C5CB3000C0C4A /* ElectroBillTests.swift in Sources */,
			);
			runOnlyForDeploymentPostprocessing = 0;
		};
		36B203142B2C5CB3000C0C4A /* Sources */ = {
			isa = PBXSourcesBuildPhase;
			buildActionMask = 2147483647;
			files = (
				36B2031F2B2C5CB3000C0C4A /* ElectroBillUITestsLaunchTests.swift in Sources */,
				36B2031D2B2C5CB3000C0C4A /* ElectroBillUITests.swift in Sources */,
			);
			runOnlyForDeploymentPostprocessing = 0;
		};
/* End PBXSourcesBuildPhase section */

/* Begin PBXTargetDependency section */
		36B203102B2C5CB3000C0C4A /* PBXTargetDependency */ = {
			isa = PBXTargetDependency;
			target = 36B202F72B2C5CB1000C0C4A /* ElectroBill */;
			targetProxy = 36B2030F2B2C5CB3000C0C4A /* PBXContainerItemProxy */;
		};
		36B2031A2B2C5CB3000C0C4A /* PBXTargetDependency */ = {
			isa = PBXTargetDependency;
			target = 36B202F72B2C5CB1000C0C4A /* ElectroBill */;
			targetProxy = 36B203192B2C5CB3000C0C4A /* PBXContainerItemProxy */;
		};
/* End PBXTargetDependency section */

/* Begin PBXVariantGroup section */
		36B203062B2C5CB2000C0C4A /* LaunchScreen.storyboard */ = {
			isa = PBXVariantGroup;
			children = (
				36B203072B2C5CB2000C0C4A /* Base */,
			);
			name = LaunchScreen.storyboard;
			sourceTree = "<group>";
		};
/* End PBXVariantGroup section */

/* Begin XCBuildConfiguration section */
		36B203202B2C5CB3000C0C4A /* Debug */ = {
			isa = XCBuildConfiguration;
			buildSettings = {
				ALLOW_TARGET_PLATFORM_SPECIALIZATION = NO;
				ALWAYS_SEARCH_USER_PATHS = NO;
				ASSETCATALOG_COMPILER_GENERATE_SWIFT_ASSET_SYMBOL_EXTENSIONS = YES;
				CLANG_ANALYZER_NONNULL = YES;
				CLANG_ANALYZER_NUMBER_OBJECT_CONVERSION = YES_AGGRESSIVE;
				CLANG_CXX_LANGUAGE_STANDARD = "gnu++20";
				CLANG_ENABLE_MODULES = YES;
				CLANG_ENABLE_OBJC_ARC = YES;
				CLANG_ENABLE_OBJC_WEAK = YES;
				CLANG_WARN_BLOCK_CAPTURE_AUTORELEASING = YES;
				CLANG_WARN_BOOL_CONVERSION = YES;
				CLANG_WARN_COMMA = YES;
				CLANG_WARN_CONSTANT_CONVERSION = YES;
				CLANG_WARN_DEPRECATED_OBJC_IMPLEMENTATIONS = YES;
				CLANG_WARN_DIRECT_OBJC_ISA_USAGE = YES_ERROR;
				CLANG_WARN_DOCUMENTATION_COMMENTS = YES;
				CLANG_WARN_EMPTY_BODY = YES;
				CLANG_WARN_ENUM_CONVERSION = YES;
				CLANG_WARN_INFINITE_RECURSION = YES;
				CLANG_WARN_INT_CONVERSION = YES;
				CLANG_WARN_NON_LITERAL_NULL_CONVERSION = YES;
				CLANG_WARN_OBJC_IMPLICIT_RETAIN_SELF = YES;
				CLANG_WARN_OBJC_LITERAL_CONVERSION = YES;
				CLANG_WARN_OBJC_ROOT_CLASS = YES_ERROR;
				CLANG_WARN_QUOTED_INCLUDE_IN_FRAMEWORK_HEADER = YES;
				CLANG_WARN_RANGE_LOOP_ANALYSIS = YES;
				CLANG_WARN_STRICT_PROTOTYPES = YES;
				CLANG_WARN_SUSPICIOUS_MOVE = YES;
				CLANG_WARN_UNGUARDED_AVAILABILITY = YES_AGGRESSIVE;
				CLANG_WARN_UNREACHABLE_CODE = YES;
				CLANG_WARN__DUPLICATE_METHOD_MATCH = YES;
				COPY_PHASE_STRIP = NO;
				DEBUG_INFORMATION_FORMAT = dwarf;
				ENABLE_STRICT_OBJC_MSGSEND = YES;
				ENABLE_TESTABILITY = YES;
				ENABLE_USER_SCRIPT_SANDBOXING = NO;
				GCC_C_LANGUAGE_STANDARD = gnu17;
				GCC_DYNAMIC_NO_PIC = NO;
				GCC_NO_COMMON_BLOCKS = YES;
				GCC_OPTIMIZATION_LEVEL = 0;
				GCC_PREPROCESSOR_DEFINITIONS = (
					"DEBUG=1",
					"$(inherited)",
				);
				GCC_WARN_64_TO_32_BIT_CONVERSION = YES;
				GCC_WARN_ABOUT_RETURN_TYPE = YES_ERROR;
				GCC_WARN_UNDECLARED_SELECTOR = YES;
				GCC_WARN_UNINITIALIZED_AUTOS = YES_AGGRESSIVE;
				GCC_WARN_UNUSED_FUNCTION = YES;
				GCC_WARN_UNUSED_VARIABLE = YES;
				IPHONEOS_DEPLOYMENT_TARGET = 17.0;
				LOCALIZATION_PREFERS_STRING_CATALOGS = YES;
				MTL_ENABLE_DEBUG_INFO = INCLUDE_SOURCE;
				MTL_FAST_MATH = YES;
				ONLY_ACTIVE_ARCH = YES;
				SDKROOT = iphoneos;
				SWIFT_ACTIVE_COMPILATION_CONDITIONS = "DEBUG $(inherited)";
				SWIFT_OPTIMIZATION_LEVEL = "-Onone";
			};
			name = Debug;
		};
		36B203212B2C5CB3000C0C4A /* Release */ = {
			isa = XCBuildConfiguration;
			buildSettings = {
				ALLOW_TARGET_PLATFORM_SPECIALIZATION = NO;
				ALWAYS_SEARCH_USER_PATHS = NO;
				ASSETCATALOG_COMPILER_GENERATE_SWIFT_ASSET_SYMBOL_EXTENSIONS = YES;
				CLANG_ANALYZER_NONNULL = YES;
				CLANG_ANALYZER_NUMBER_OBJECT_CONVERSION = YES_AGGRESSIVE;
				CLANG_CXX_LANGUAGE_STANDARD = "gnu++20";
				CLANG_ENABLE_MODULES = YES;
				CLANG_ENABLE_OBJC_ARC = YES;
				CLANG_ENABLE_OBJC_WEAK = YES;
				CLANG_WARN_BLOCK_CAPTURE_AUTORELEASING = YES;
				CLANG_WARN_BOOL_CONVERSION = YES;
				CLANG_WARN_COMMA = YES;
				CLANG_WARN_CONSTANT_CONVERSION = YES;
				CLANG_WARN_DEPRECATED_OBJC_IMPLEMENTATIONS = YES;
				CLANG_WARN_DIRECT_OBJC_ISA_USAGE = YES_ERROR;
				CLANG_WARN_DOCUMENTATION_COMMENTS = YES;
				CLANG_WARN_EMPTY_BODY = YES;
				CLANG_WARN_ENUM_CONVERSION = YES;
				CLANG_WARN_INFINITE_RECURSION = YES;
				CLANG_WARN_INT_CONVERSION = YES;
				CLANG_WARN_NON_LITERAL_NULL_CONVERSION = YES;
				CLANG_WARN_OBJC_IMPLICIT_RETAIN_SELF = YES;
				CLANG_WARN_OBJC_LITERAL_CONVERSION = YES;
				CLANG_WARN_OBJC_ROOT_CLASS = YES_ERROR;
				CLANG_WARN_QUOTED_INCLUDE_IN_FRAMEWORK_HEADER = YES;
				CLANG_WARN_RANGE_LOOP_ANALYSIS = YES;
				CLANG_WARN_STRICT_PROTOTYPES = YES;
				CLANG_WARN_SUSPICIOUS_MOVE = YES;
				CLANG_WARN_UNGUARDED_AVAILABILITY = YES_AGGRESSIVE;
				CLANG_WARN_UNREACHABLE_CODE = YES;
				CLANG_WARN__DUPLICATE_METHOD_MATCH = YES;
				COPY_PHASE_STRIP = NO;
				DEBUG_INFORMATION_FORMAT = "dwarf-with-dsym";
				ENABLE_NS_ASSERTIONS = NO;
				ENABLE_STRICT_OBJC_MSGSEND = YES;
				ENABLE_USER_SCRIPT_SANDBOXING = NO;
				GCC_C_LANGUAGE_STANDARD = gnu17;
				GCC_NO_COMMON_BLOCKS = YES;
				GCC_WARN_64_TO_32_BIT_CONVERSION = YES;
				GCC_WARN_ABOUT_RETURN_TYPE = YES_ERROR;
				GCC_WARN_UNDECLARED_SELECTOR = YES;
				GCC_WARN_UNINITIALIZED_AUTOS = YES_AGGRESSIVE;
				GCC_WARN_UNUSED_FUNCTION = YES;
				GCC_WARN_UNUSED_VARIABLE = YES;
				IPHONEOS_DEPLOYMENT_TARGET = 17.0;
				LOCALIZATION_PREFERS_STRING_CATALOGS = YES;
				MTL_ENABLE_DEBUG_INFO = NO;
				MTL_FAST_MATH = YES;
				SDKROOT = iphoneos;
				SWIFT_COMPILATION_MODE = wholemodule;
				VALIDATE_PRODUCT = YES;
			};
			name = Release;
		};
		36B203232B2C5CB3000C0C4A /* Debug */ = {
			isa = XCBuildConfiguration;
			baseConfigurationReference = A7E9C131570BEE279DF0B8CA /* Pods-ElectroBill.debug.xcconfig */;
			buildSettings = {
				ASSETCATALOG_COMPILER_APPICON_NAME = AppIcon;
				ASSETCATALOG_COMPILER_GLOBAL_ACCENT_COLOR_NAME = AccentColor;
				CODE_SIGN_STYLE = Automatic;
				CURRENT_PROJECT_VERSION = 1;
				DEVELOPMENT_TEAM = S6ZFW3NA3K;
				ENABLE_USER_SCRIPT_SANDBOXING = NO;
				GENERATE_INFOPLIST_FILE = YES;
				INFOPLIST_FILE = ElectroBill/Info.plist;
				INFOPLIST_KEY_UIApplicationSupportsIndirectInputEvents = YES;
				INFOPLIST_KEY_UILaunchStoryboardName = LaunchScreen;
				INFOPLIST_KEY_UIMainStoryboardFile = Main;
				INFOPLIST_KEY_UIStatusBarStyle = "";
				INFOPLIST_KEY_UISupportedInterfaceOrientations = UIInterfaceOrientationPortrait;
				IPHONEOS_DEPLOYMENT_TARGET = 15.0;
				LD_RUNPATH_SEARCH_PATHS = (
					"$(inherited)",
					"@executable_path/Frameworks",
				);
				MARKETING_VERSION = 1.0;
				PRODUCT_BUNDLE_IDENTIFIER = johnmark.ElectroBill;
				PRODUCT_NAME = "$(TARGET_NAME)";
				SWIFT_EMIT_LOC_STRINGS = YES;
				SWIFT_VERSION = 5.0;
				TARGETED_DEVICE_FAMILY = "1,2";
			};
			name = Debug;
		};
		36B203242B2C5CB3000C0C4A /* Release */ = {
			isa = XCBuildConfiguration;
			baseConfigurationReference = DB5171DD865E55301F076324 /* Pods-ElectroBill.release.xcconfig */;
			buildSettings = {
				ASSETCATALOG_COMPILER_APPICON_NAME = AppIcon;
				ASSETCATALOG_COMPILER_GLOBAL_ACCENT_COLOR_NAME = AccentColor;
				CODE_SIGN_STYLE = Automatic;
				CURRENT_PROJECT_VERSION = 1;
				DEVELOPMENT_TEAM = S6ZFW3NA3K;
				ENABLE_USER_SCRIPT_SANDBOXING = NO;
				GENERATE_INFOPLIST_FILE = YES;
				INFOPLIST_FILE = ElectroBill/Info.plist;
				INFOPLIST_KEY_UIApplicationSupportsIndirectInputEvents = YES;
				INFOPLIST_KEY_UILaunchStoryboardName = LaunchScreen;
				INFOPLIST_KEY_UIMainStoryboardFile = Main;
				INFOPLIST_KEY_UIStatusBarStyle = "";
				INFOPLIST_KEY_UISupportedInterfaceOrientations = UIInterfaceOrientationPortrait;
				IPHONEOS_DEPLOYMENT_TARGET = 15.0;
				LD_RUNPATH_SEARCH_PATHS = (
					"$(inherited)",
					"@executable_path/Frameworks",
				);
				MARKETING_VERSION = 1.0;
				PRODUCT_BUNDLE_IDENTIFIER = johnmark.ElectroBill;
				PRODUCT_NAME = "$(TARGET_NAME)";
				SWIFT_EMIT_LOC_STRINGS = YES;
				SWIFT_VERSION = 5.0;
				TARGETED_DEVICE_FAMILY = "1,2";
			};
			name = Release;
		};
		36B203262B2C5CB3000C0C4A /* Debug */ = {
			isa = XCBuildConfiguration;
			buildSettings = {
				ALWAYS_EMBED_SWIFT_STANDARD_LIBRARIES = YES;
				BUNDLE_LOADER = "$(TEST_HOST)";
				CODE_SIGN_STYLE = Automatic;
				CURRENT_PROJECT_VERSION = 1;
				DEVELOPMENT_TEAM = S6ZFW3NA3K;
				GENERATE_INFOPLIST_FILE = YES;
				IPHONEOS_DEPLOYMENT_TARGET = 17.2;
				MARKETING_VERSION = 1.0;
				PRODUCT_BUNDLE_IDENTIFIER = johnmark.ElectroBillTests;
				PRODUCT_NAME = "$(TARGET_NAME)";
				SWIFT_EMIT_LOC_STRINGS = NO;
				SWIFT_VERSION = 5.0;
				TARGETED_DEVICE_FAMILY = "1,2";
				TEST_HOST = "$(BUILT_PRODUCTS_DIR)/ElectroBill.app/$(BUNDLE_EXECUTABLE_FOLDER_PATH)/ElectroBill";
			};
			name = Debug;
		};
		36B203272B2C5CB3000C0C4A /* Release */ = {
			isa = XCBuildConfiguration;
			buildSettings = {
				ALWAYS_EMBED_SWIFT_STANDARD_LIBRARIES = YES;
				BUNDLE_LOADER = "$(TEST_HOST)";
				CODE_SIGN_STYLE = Automatic;
				CURRENT_PROJECT_VERSION = 1;
				DEVELOPMENT_TEAM = S6ZFW3NA3K;
				GENERATE_INFOPLIST_FILE = YES;
				IPHONEOS_DEPLOYMENT_TARGET = 17.2;
				MARKETING_VERSION = 1.0;
				PRODUCT_BUNDLE_IDENTIFIER = johnmark.ElectroBillTests;
				PRODUCT_NAME = "$(TARGET_NAME)";
				SWIFT_EMIT_LOC_STRINGS = NO;
				SWIFT_VERSION = 5.0;
				TARGETED_DEVICE_FAMILY = "1,2";
				TEST_HOST = "$(BUILT_PRODUCTS_DIR)/ElectroBill.app/$(BUNDLE_EXECUTABLE_FOLDER_PATH)/ElectroBill";
			};
			name = Release;
		};
		36B203292B2C5CB3000C0C4A /* Debug */ = {
			isa = XCBuildConfiguration;
			buildSettings = {
				ALWAYS_EMBED_SWIFT_STANDARD_LIBRARIES = YES;
				CODE_SIGN_STYLE = Automatic;
				CURRENT_PROJECT_VERSION = 1;
				DEVELOPMENT_TEAM = S6ZFW3NA3K;
				GENERATE_INFOPLIST_FILE = YES;
				MARKETING_VERSION = 1.0;
				PRODUCT_BUNDLE_IDENTIFIER = johnmark.ElectroBillUITests;
				PRODUCT_NAME = "$(TARGET_NAME)";
				SWIFT_EMIT_LOC_STRINGS = NO;
				SWIFT_VERSION = 5.0;
				TARGETED_DEVICE_FAMILY = "1,2";
				TEST_TARGET_NAME = ElectroBill;
			};
			name = Debug;
		};
		36B2032A2B2C5CB3000C0C4A /* Release */ = {
			isa = XCBuildConfiguration;
			buildSettings = {
				ALWAYS_EMBED_SWIFT_STANDARD_LIBRARIES = YES;
				CODE_SIGN_STYLE = Automatic;
				CURRENT_PROJECT_VERSION = 1;
				DEVELOPMENT_TEAM = S6ZFW3NA3K;
				GENERATE_INFOPLIST_FILE = YES;
				MARKETING_VERSION = 1.0;
				PRODUCT_BUNDLE_IDENTIFIER = johnmark.ElectroBillUITests;
				PRODUCT_NAME = "$(TARGET_NAME)";
				SWIFT_EMIT_LOC_STRINGS = NO;
				SWIFT_VERSION = 5.0;
				TARGETED_DEVICE_FAMILY = "1,2";
				TEST_TARGET_NAME = ElectroBill;
			};
			name = Release;
		};
/* End XCBuildConfiguration section */

/* Begin XCConfigurationList section */
		36B202F32B2C5CB1000C0C4A /* Build configuration list for PBXProject "ElectroBill" */ = {
			isa = XCConfigurationList;
			buildConfigurations = (
				36B203202B2C5CB3000C0C4A /* Debug */,
				36B203212B2C5CB3000C0C4A /* Release */,
			);
			defaultConfigurationIsVisible = 0;
			defaultConfigurationName = Release;
		};
		36B203222B2C5CB3000C0C4A /* Build configuration list for PBXNativeTarget "ElectroBill" */ = {
			isa = XCConfigurationList;
			buildConfigurations = (
				36B203232B2C5CB3000C0C4A /* Debug */,
				36B203242B2C5CB3000C0C4A /* Release */,
			);
			defaultConfigurationIsVisible = 0;
			defaultConfigurationName = Release;
		};
		36B203252B2C5CB3000C0C4A /* Build configuration list for PBXNativeTarget "ElectroBillTests" */ = {
			isa = XCConfigurationList;
			buildConfigurations = (
				36B203262B2C5CB3000C0C4A /* Debug */,
				36B203272B2C5CB3000C0C4A /* Release */,
			);
			defaultConfigurationIsVisible = 0;
			defaultConfigurationName = Release;
		};
		36B203282B2C5CB3000C0C4A /* Build configuration list for PBXNativeTarget "ElectroBillUITests" */ = {
			isa = XCConfigurationList;
			buildConfigurations = (
				36B203292B2C5CB3000C0C4A /* Debug */,
				36B2032A2B2C5CB3000C0C4A /* Release */,
			);
			defaultConfigurationIsVisible = 0;
			defaultConfigurationName = Release;
		};
/* End XCConfigurationList section */
	};
	rootObject = 36B202F02B2C5CB1000C0C4A /* Project object */;
}
